
Microsoft Visual Studio Solution File, Format Version 12.00
# Visual Studio Version 16
VisualStudioVersion = 16.0.29728.190
MinimumVisualStudioVersion = 10.0.40219.1
Project("{FAE04EC0-301F-11D3-BF4B-00C04F79EFBC}") = "MVC_LAB", "MVC_LAB\MVC_LAB.csproj", "{169470C9-D473-4056-883B-33B256EC432A}"
EndProject
Global
	GlobalSection(SolutionConfigurationPlatforms) = preSolution
		Debug|Any CPU = Debug|Any CPU
		Release|Any CPU = Release|Any CPU
	EndGlobalSection
	GlobalSection(ProjectConfigurationPlatforms) = postSolution
		{169470C9-D473-4056-883B-33B256EC432A}.Debug|Any CPU.ActiveCfg = Debug|Any CPU
		{169470C9-D473-4056-883B-33B256EC432A}.Debug|Any CPU.Build.0 = Debug|Any CPU
		{169470C9-D473-4056-883B-33B256EC432A}.Release|Any CPU.ActiveCfg = Release|Any CPU
		{169470C9-D473-4056-883B-33B256EC432A}.Release|Any CPU.Build.0 = Release|Any CPU
	EndGlobalSection
	GlobalSection(SolutionProperties) = preSolution
		HideSolutionNode = FALSE
	EndGlobalSection
	GlobalSection(ExtensibilityGlobals) = postSolution
		SolutionGuid = {020B7680-66FE-4C67-A428-693142299FB7}
	EndGlobalSection
EndGlobal
